
Microsoft Visual Studio Solution File, Format Version 12.00
# Visual Studio Version 17
VisualStudioVersion = 17.7.34024.191
MinimumVisualStudioVersion = 10.0.40219.1
Project("{FAE04EC0-301F-11D3-BF4B-00C04F79EFBC}") = "MiembroDeLaComunidadPJR", "MiembroDeLaComunidadPJR.csproj", "{FAB32D73-2043-45F2-B27D-5C13AE202155}"
EndProject
Global
	GlobalSection(SolutionConfigurationPlatforms) = preSolution
		Debug|Any CPU = Debug|Any CPU
		Release|Any CPU = Release|Any CPU
	EndGlobalSection
	GlobalSection(ProjectConfigurationPlatforms) = postSolution
		{FAB32D73-2043-45F2-B27D-5C13AE202155}.Debug|Any CPU.ActiveCfg = Debug|Any CPU
		{FAB32D73-2043-45F2-B27D-5C13AE202155}.Debug|Any CPU.Build.0 = Debug|Any CPU
		{FAB32D73-2043-45F2-B27D-5C13AE202155}.Release|Any CPU.ActiveCfg = Release|Any CPU
		{FAB32D73-2043-45F2-B27D-5C13AE202155}.Release|Any CPU.Build.0 = Release|Any CPU
	EndGlobalSection
	GlobalSection(SolutionProperties) = preSolution
		HideSolutionNode = FALSE
	EndGlobalSection
	GlobalSection(ExtensibilityGlobals) = postSolution
		SolutionGuid = {7F1AF03F-9BA3-40CF-A45E-2F4A992A8FDA}
	EndGlobalSection
EndGlobal
